
Microsoft Visual Studio Solution File, Format Version 12.00
# Visual Studio Version 16
VisualStudioVersion = 16.0.29709.97
MinimumVisualStudioVersion = 10.0.40219.1
Project("{8BC9CEB8-8B4A-11D0-8D11-00A0C91BC942}") = "EjcClase", "EjcClase.vcxproj", "{6DCCEF3D-356B-4D96-B932-32B4A2D3689F}"
EndProject
Global
	GlobalSection(SolutionConfigurationPlatforms) = preSolution
		Debug|x64 = Debug|x64
		Release|x64 = Release|x64
	EndGlobalSection
	GlobalSection(ProjectConfigurationPlatforms) = postSolution
		{6DCCEF3D-356B-4D96-B932-32B4A2D3689F}.Debug|x64.ActiveCfg = Debug|x64
		{6DCCEF3D-356B-4D96-B932-32B4A2D3689F}.Debug|x64.Build.0 = Debug|x64
		{6DCCEF3D-356B-4D96-B932-32B4A2D3689F}.Release|x64.ActiveCfg = Release|x64
		{6DCCEF3D-356B-4D96-B932-32B4A2D3689F}.Release|x64.Build.0 = Release|x64
	EndGlobalSection
	GlobalSection(SolutionProperties) = preSolution
		HideSolutionNode = FALSE
	EndGlobalSection
	GlobalSection(ExtensibilityGlobals) = postSolution
		SolutionGuid = {DF5F4021-4210-4DED-B21D-FECE68704334}
	EndGlobalSection
EndGlobal
